
Microsoft Visual Studio Solution File, Format Version 12.00
# Visual Studio 15
VisualStudioVersion = 15.0.26430.16
MinimumVisualStudioVersion = 10.0.40219.1
Project("{FAE04EC0-301F-11D3-BF4B-00C04F79EFBC}") = "ForeignExchange.Android", "ForeignExchange\ForeignExchange.Android\ForeignExchange.Android.csproj", "{0A44F7E7-ECED-4179-B4C2-40038BB1AF21}"
EndProject
Project("{FAE04EC0-301F-11D3-BF4B-00C04F79EFBC}") = "ForeignExchange", "ForeignExchange\ForeignExchange\ForeignExchange.csproj", "{5B41E5A3-912C-46BC-B752-0AFC25E708C3}"
EndProject
Project("{FAE04EC0-301F-11D3-BF4B-00C04F79EFBC}") = "ForeignExchange.UWP", "ForeignExchange\ForeignExchange.UWP\ForeignExchange.UWP.csproj", "{F0349047-669A-4C15-A94A-35668888408B}"
EndProject
Project("{FAE04EC0-301F-11D3-BF4B-00C04F79EFBC}") = "ForeignExchange.iOS", "ForeignExchange\ForeignExchange.iOS\ForeignExchange.iOS.csproj", "{8A4AF491-578F-4B43-BEFE-36BC902AD58C}"
EndProject
Global
	GlobalSection(SolutionConfigurationPlatforms) = preSolution
		Ad-Hoc|Any CPU = Ad-Hoc|Any CPU
		Ad-Hoc|ARM = Ad-Hoc|ARM
		Ad-Hoc|iPhone = Ad-Hoc|iPhone
		Ad-Hoc|iPhoneSimulator = Ad-Hoc|iPhoneSimulator
		Ad-Hoc|x64 = Ad-Hoc|x64
		Ad-Hoc|x86 = Ad-Hoc|x86
		AppStore|Any CPU = AppStore|Any CPU
		AppStore|ARM = AppStore|ARM
		AppStore|iPhone = AppStore|iPhone
		AppStore|iPhoneSimulator = AppStore|iPhoneSimulator
		AppStore|x64 = AppStore|x64
		AppStore|x86 = AppStore|x86
		Debug|Any CPU = Debug|Any CPU
		Debug|ARM = Debug|ARM
		Debug|iPhone = Debug|iPhone
		Debug|iPhoneSimulator = Debug|iPhoneSimulator
		Debug|x64 = Debug|x64
		Debug|x86 = Debug|x86
		Release|Any CPU = Release|Any CPU
		Release|ARM = Release|ARM
		Release|iPhone = Release|iPhone
		Release|iPhoneSimulator = Release|iPhoneSimulator
		Release|x64 = Release|x64
		Release|x86 = Release|x86
	EndGlobalSection
	GlobalSection(ProjectConfigurationPlatforms) = postSolution
		{0A44F7E7-ECED-4179-B4C2-40038BB1AF21}.Ad-Hoc|Any CPU.ActiveCfg = Release|Any CPU
		{0A44F7E7-ECED-4179-B4C2-40038BB1AF21}.Ad-Hoc|Any CPU.Build.0 = Release|Any CPU
		{0A44F7E7-ECED-4179-B4C2-40038BB1AF21}.Ad-Hoc|Any CPU.Deploy.0 = Release|Any CPU
		{0A44F7E7-ECED-4179-B4C2-40038BB1AF21}.Ad-Hoc|ARM.ActiveCfg = Release|Any CPU
		{0A44F7E7-ECED-4179-B4C2-40038BB1AF21}.Ad-Hoc|ARM.Build.0 = Release|Any CPU
		{0A44F7E7-ECED-4179-B4C2-40038BB1AF21}.Ad-Hoc|ARM.Deploy.0 = Release|Any CPU
		{0A44F7E7-ECED-4179-B4C2-40038BB1AF21}.Ad-Hoc|iPhone.ActiveCfg = Release|Any CPU
		{0A44F7E7-ECED-4179-B4C2-40038BB1AF21}.Ad-Hoc|iPhone.Build.0 = Release|Any CPU
		{0A44F7E7-ECED-4179-B4C2-40038BB1AF21}.Ad-Hoc|iPhone.Deploy.0 = Release|Any CPU
		{0A44F7E7-ECED-4179-B4C2-40038BB1AF21}.Ad-Hoc|iPhoneSimulator.ActiveCfg = Release|Any CPU
		{0A44F7E7-ECED-4179-B4C2-40038BB1AF21}.Ad-Hoc|iPhoneSimulator.Build.0 = Release|Any CPU
		{0A44F7E7-ECED-4179-B4C2-40038BB1AF21}.Ad-Hoc|iPhoneSimulator.Deploy.0 = Release|Any CPU
		{0A44F7E7-ECED-4179-B4C2-40038BB1AF21}.Ad-Hoc|x64.ActiveCfg = Release|Any CPU
		{0A44F7E7-ECED-4179-B4C2-40038BB1AF21}.Ad-Hoc|x64.Build.0 = Release|Any CPU
		{0A44F7E7-ECED-4179-B4C2-40038BB1AF21}.Ad-Hoc|x64.Deploy.0 = Release|Any CPU
		{0A44F7E7-ECED-4179-B4C2-40038BB1AF21}.Ad-Hoc|x86.ActiveCfg = Release|Any CPU
		{0A44F7E7-ECED-4179-B4C2-40038BB1AF21}.Ad-Hoc|x86.Build.0 = Release|Any CPU
		{0A44F7E7-ECED-4179-B4C2-40038BB1AF21}.Ad-Hoc|x86.Deploy.0 = Release|Any CPU
		{0A44F7E7-ECED-4179-B4C2-40038BB1AF21}.AppStore|Any CPU.ActiveCfg = Release|Any CPU
		{0A44F7E7-ECED-4179-B4C2-40038BB1AF21}.AppStore|Any CPU.Build.0 = Release|Any CPU
		{0A44F7E7-ECED-4179-B4C2-40038BB1AF21}.AppStore|Any CPU.Deploy.0 = Release|Any CPU
		{0A44F7E7-ECED-4179-B4C2-40038BB1AF21}.AppStore|ARM.ActiveCfg = Release|Any CPU
		{0A44F7E7-ECED-4179-B4C2-40038BB1AF21}.AppStore|ARM.Build.0 = Release|Any CPU
		{0A44F7E7-ECED-4179-B4C2-40038BB1AF21}.AppStore|ARM.Deploy.0 = Release|Any CPU
		{0A44F7E7-ECED-4179-B4C2-40038BB1AF21}.AppStore|iPhone.ActiveCfg = Release|Any CPU
		{0A44F7E7-ECED-4179-B4C2-40038BB1AF21}.AppStore|iPhone.Build.0 = Release|Any CPU
		{0A44F7E7-ECED-4179-B4C2-40038BB1AF21}.AppStore|iPhone.Deploy.0 = Release|Any CPU
		{0A44F7E7-ECED-4179-B4C2-40038BB1AF21}.AppStore|iPhoneSimulator.ActiveCfg = Release|Any CPU
		{0A44F7E7-ECED-4179-B4C2-40038BB1AF21}.AppStore|iPhoneSimulator.Build.0 = Release|Any CPU
		{0A44F7E7-ECED-4179-B4C2-40038BB1AF21}.AppStore|iPhoneSimulator.Deploy.0 = Release|Any CPU
		{0A44F7E7-ECED-4179-B4C2-40038BB1AF21}.AppStore|x64.ActiveCfg = Release|Any CPU
		{0A44F7E7-ECED-4179-B4C2-40038BB1AF21}.AppStore|x64.Build.0 = Release|Any CPU
		{0A44F7E7-ECED-4179-B4C2-40038BB1AF21}.AppStore|x64.Deploy.0 = Release|Any CPU
		{0A44F7E7-ECED-4179-B4C2-40038BB1AF21}.AppStore|x86.ActiveCfg = Release|Any CPU
		{0A44F7E7-ECED-4179-B4C2-40038BB1AF21}.AppStore|x86.Build.0 = Release|Any CPU
		{0A44F7E7-ECED-4179-B4C2-40038BB1AF21}.AppStore|x86.Deploy.0 = Release|Any CPU
		{0A44F7E7-ECED-4179-B4C2-40038BB1AF21}.Debug|Any CPU.ActiveCfg = Debug|Any CPU
		{0A44F7E7-ECED-4179-B4C2-40038BB1AF21}.Debug|Any CPU.Build.0 = Debug|Any CPU
		{0A44F7E7-ECED-4179-B4C2-40038BB1AF21}.Debug|Any CPU.Deploy.0 = Debug|Any CPU
		{0A44F7E7-ECED-4179-B4C2-40038BB1AF21}.Debug|ARM.ActiveCfg = Debug|Any CPU
		{0A44F7E7-ECED-4179-B4C2-40038BB1AF21}.Debug|ARM.Build.0 = Debug|Any CPU
		{0A44F7E7-ECED-4179-B4C2-40038BB1AF21}.Debug|ARM.Deploy.0 = Debug|Any CPU
		{0A44F7E7-ECED-4179-B4C2-40038BB1AF21}.Debug|iPhone.ActiveCfg = Debug|Any CPU
		{0A44F7E7-ECED-4179-B4C2-40038BB1AF21}.Debug|iPhone.Build.0 = Debug|Any CPU
		{0A44F7E7-ECED-4179-B4C2-40038BB1AF21}.Debug|iPhone.Deploy.0 = Debug|Any CPU
		{0A44F7E7-ECED-4179-B4C2-40038BB1AF21}.Debug|iPhoneSimulator.ActiveCfg = Debug|Any CPU
		{0A44F7E7-ECED-4179-B4C2-40038BB1AF21}.Debug|iPhoneSimulator.Build.0 = Debug|Any CPU
		{0A44F7E7-ECED-4179-B4C2-40038BB1AF21}.Debug|iPhoneSimulator.Deploy.0 = Debug|Any CPU
		{0A44F7E7-ECED-4179-B4C2-40038BB1AF21}.Debug|x64.ActiveCfg = Debug|Any CPU
		{0A44F7E7-ECED-4179-B4C2-40038BB1AF21}.Debug|x64.Build.0 = Debug|Any CPU
		{0A44F7E7-ECED-4179-B4C2-40038BB1AF21}.Debug|x64.Deploy.0 = Debug|Any CPU
		{0A44F7E7-ECED-4179-B4C2-40038BB1AF21}.Debug|x86.ActiveCfg = Debug|Any CPU
		{0A44F7E7-ECED-4179-B4C2-40038BB1AF21}.Debug|x86.Build.0 = Debug|Any CPU
		{0A44F7E7-ECED-4179-B4C2-40038BB1AF21}.Debug|x86.Deploy.0 = Debug|Any CPU
		{0A44F7E7-ECED-4179-B4C2-40038BB1AF21}.Release|Any CPU.ActiveCfg = Release|Any CPU
		{0A44F7E7-ECED-4179-B4C2-40038BB1AF21}.Release|Any CPU.Build.0 = Release|Any CPU
		{0A44F7E7-ECED-4179-B4C2-40038BB1AF21}.Release|Any CPU.Deploy.0 = Release|Any CPU
		{0A44F7E7-ECED-4179-B4C2-40038BB1AF21}.Release|ARM.ActiveCfg = Release|Any CPU
		{0A44F7E7-ECED-4179-B4C2-40038BB1AF21}.Release|ARM.Build.0 = Release|Any CPU
		{0A44F7E7-ECED-4179-B4C2-40038BB1AF21}.Release|ARM.Deploy.0 = Release|Any CPU
		{0A44F7E7-ECED-4179-B4C2-40038BB1AF21}.Release|iPhone.ActiveCfg = Release|Any CPU
		{0A44F7E7-ECED-4179-B4C2-40038BB1AF21}.Release|iPhone.Build.0 = Release|Any CPU
		{0A44F7E7-ECED-4179-B4C2-40038BB1AF21}.Release|iPhone.Deploy.0 = Release|Any CPU
		{0A44F7E7-ECED-4179-B4C2-40038BB1AF21}.Release|iPhoneSimulator.ActiveCfg = Release|Any CPU
		{0A44F7E7-ECED-4179-B4C2-40038BB1AF21}.Release|iPhoneSimulator.Build.0 = Release|Any CPU
		{0A44F7E7-ECED-4179-B4C2-40038BB1AF21}.Release|iPhoneSimulator.Deploy.0 = Release|Any CPU
		{0A44F7E7-ECED-4179-B4C2-40038BB1AF21}.Release|x64.ActiveCfg = Release|Any CPU
		{0A44F7E7-ECED-4179-B4C2-40038BB1AF21}.Release|x64.Build.0 = Release|Any CPU
		{0A44F7E7-ECED-4179-B4C2-40038BB1AF21}.Release|x64.Deploy.0 = Release|Any CPU
		{0A44F7E7-ECED-4179-B4C2-40038BB1AF21}.Release|x86.ActiveCfg = Release|Any CPU
		{0A44F7E7-ECED-4179-B4C2-40038BB1AF21}.Release|x86.Build.0 = Release|Any CPU
		{0A44F7E7-ECED-4179-B4C2-40038BB1AF21}.Release|x86.Deploy.0 = Release|Any CPU
		{5B41E5A3-912C-46BC-B752-0AFC25E708C3}.Ad-Hoc|Any CPU.ActiveCfg = Release|Any CPU
		{5B41E5A3-912C-46BC-B752-0AFC25E708C3}.Ad-Hoc|Any CPU.Build.0 = Release|Any CPU
		{5B41E5A3-912C-46BC-B752-0AFC25E708C3}.Ad-Hoc|ARM.ActiveCfg = Release|Any CPU
		{5B41E5A3-912C-46BC-B752-0AFC25E708C3}.Ad-Hoc|ARM.Build.0 = Release|Any CPU
		{5B41E5A3-912C-46BC-B752-0AFC25E708C3}.Ad-Hoc|iPhone.ActiveCfg = Release|Any CPU
		{5B41E5A3-912C-46BC-B752-0AFC25E708C3}.Ad-Hoc|iPhone.Build.0 = Release|Any CPU
		{5B41E5A3-912C-46BC-B752-0AFC25E708C3}.Ad-Hoc|iPhoneSimulator.ActiveCfg = Release|Any CPU
		{5B41E5A3-912C-46BC-B752-0AFC25E708C3}.Ad-Hoc|iPhoneSimulator.Build.0 = Release|Any CPU
		{5B41E5A3-912C-46BC-B752-0AFC25E708C3}.Ad-Hoc|x64.ActiveCfg = Release|Any CPU
		{5B41E5A3-912C-46BC-B752-0AFC25E708C3}.Ad-Hoc|x64.Build.0 = Release|Any CPU
		{5B41E5A3-912C-46BC-B752-0AFC25E708C3}.Ad-Hoc|x86.ActiveCfg = Release|Any CPU
		{5B41E5A3-912C-46BC-B752-0AFC25E708C3}.Ad-Hoc|x86.Build.0 = Release|Any CPU
		{5B41E5A3-912C-46BC-B752-0AFC25E708C3}.AppStore|Any CPU.ActiveCfg = Release|Any CPU
		{5B41E5A3-912C-46BC-B752-0AFC25E708C3}.AppStore|Any CPU.Build.0 = Release|Any CPU
		{5B41E5A3-912C-46BC-B752-0AFC25E708C3}.AppStore|ARM.ActiveCfg = Release|Any CPU
		{5B41E5A3-912C-46BC-B752-0AFC25E708C3}.AppStore|ARM.Build.0 = Release|Any CPU
		{5B41E5A3-912C-46BC-B752-0AFC25E708C3}.AppStore|iPhone.ActiveCfg = Release|Any CPU
		{5B41E5A3-912C-46BC-B752-0AFC25E708C3}.AppStore|iPhone.Build.0 = Release|Any CPU
		{5B41E5A3-912C-46BC-B752-0AFC25E708C3}.AppStore|iPhoneSimulator.ActiveCfg = Release|Any CPU
		{5B41E5A3-912C-46BC-B752-0AFC25E708C3}.AppStore|iPhoneSimulator.Build.0 = Release|Any CPU
		{5B41E5A3-912C-46BC-B752-0AFC25E708C3}.AppStore|x64.ActiveCfg = Release|Any CPU
		{5B41E5A3-912C-46BC-B752-0AFC25E708C3}.AppStore|x64.Build.0 = Release|Any CPU
		{5B41E5A3-912C-46BC-B752-0AFC25E708C3}.AppStore|x86.ActiveCfg = Release|Any CPU
		{5B41E5A3-912C-46BC-B752-0AFC25E708C3}.AppStore|x86.Build.0 = Release|Any CPU
		{5B41E5A3-912C-46BC-B752-0AFC25E708C3}.Debug|Any CPU.ActiveCfg = Debug|Any CPU
		{5B41E5A3-912C-46BC-B752-0AFC25E708C3}.Debug|Any CPU.Build.0 = Debug|Any CPU
		{5B41E5A3-912C-46BC-B752-0AFC25E708C3}.Debug|ARM.ActiveCfg = Debug|Any CPU
		{5B41E5A3-912C-46BC-B752-0AFC25E708C3}.Debug|ARM.Build.0 = Debug|Any CPU
		{5B41E5A3-912C-46BC-B752-0AFC25E708C3}.Debug|iPhone.ActiveCfg = Debug|Any CPU
		{5B41E5A3-912C-46BC-B752-0AFC25E708C3}.Debug|iPhone.Build.0 = Debug|Any CPU
		{5B41E5A3-912C-46BC-B752-0AFC25E708C3}.Debug|iPhoneSimulator.ActiveCfg = Debug|Any CPU
		{5B41E5A3-912C-46BC-B752-0AFC25E708C3}.Debug|iPhoneSimulator.Build.0 = Debug|Any CPU
		{5B41E5A3-912C-46BC-B752-0AFC25E708C3}.Debug|x64.ActiveCfg = Debug|Any CPU
		{5B41E5A3-912C-46BC-B752-0AFC25E708C3}.Debug|x64.Build.0 = Debug|Any CPU
		{5B41E5A3-912C-46BC-B752-0AFC25E708C3}.Debug|x86.ActiveCfg = Debug|Any CPU
		{5B41E5A3-912C-46BC-B752-0AFC25E708C3}.Debug|x86.Build.0 = Debug|Any CPU
		{5B41E5A3-912C-46BC-B752-0AFC25E708C3}.Release|Any CPU.ActiveCfg = Release|Any CPU
		{5B41E5A3-912C-46BC-B752-0AFC25E708C3}.Release|Any CPU.Build.0 = Release|Any CPU
		{5B41E5A3-912C-46BC-B752-0AFC25E708C3}.Release|ARM.ActiveCfg = Release|Any CPU
		{5B41E5A3-912C-46BC-B752-0AFC25E708C3}.Release|ARM.Build.0 = Release|Any CPU
		{5B41E5A3-912C-46BC-B752-0AFC25E708C3}.Release|iPhone.ActiveCfg = Release|Any CPU
		{5B41E5A3-912C-46BC-B752-0AFC25E708C3}.Release|iPhone.Build.0 = Release|Any CPU
		{5B41E5A3-912C-46BC-B752-0AFC25E708C3}.Release|iPhoneSimulator.ActiveCfg = Release|Any CPU
		{5B41E5A3-912C-46BC-B752-0AFC25E708C3}.Release|iPhoneSimulator.Build.0 = Release|Any CPU
		{5B41E5A3-912C-46BC-B752-0AFC25E708C3}.Release|x64.ActiveCfg = Release|Any CPU
		{5B41E5A3-912C-46BC-B752-0AFC25E708C3}.Release|x64.Build.0 = Release|Any CPU
		{5B41E5A3-912C-46BC-B752-0AFC25E708C3}.Release|x86.ActiveCfg = Release|Any CPU
		{5B41E5A3-912C-46BC-B752-0AFC25E708C3}.Release|x86.Build.0 = Release|Any CPU
		{F0349047-669A-4C15-A94A-35668888408B}.Ad-Hoc|Any CPU.ActiveCfg = Release|x86
		{F0349047-669A-4C15-A94A-35668888408B}.Ad-Hoc|Any CPU.Build.0 = Release|x86
		{F0349047-669A-4C15-A94A-35668888408B}.Ad-Hoc|Any CPU.Deploy.0 = Release|x86
		{F0349047-669A-4C15-A94A-35668888408B}.Ad-Hoc|ARM.ActiveCfg = Release|ARM
		{F0349047-669A-4C15-A94A-35668888408B}.Ad-Hoc|ARM.Build.0 = Release|ARM
		{F0349047-669A-4C15-A94A-35668888408B}.Ad-Hoc|ARM.Deploy.0 = Release|ARM
		{F0349047-669A-4C15-A94A-35668888408B}.Ad-Hoc|iPhone.ActiveCfg = Release|x86
		{F0349047-669A-4C15-A94A-35668888408B}.Ad-Hoc|iPhone.Build.0 = Release|x86
		{F0349047-669A-4C15-A94A-35668888408B}.Ad-Hoc|iPhone.Deploy.0 = Release|x86
		{F0349047-669A-4C15-A94A-35668888408B}.Ad-Hoc|iPhoneSimulator.ActiveCfg = Release|x86
		{F0349047-669A-4C15-A94A-35668888408B}.Ad-Hoc|iPhoneSimulator.Build.0 = Release|x86
		{F0349047-669A-4C15-A94A-35668888408B}.Ad-Hoc|iPhoneSimulator.Deploy.0 = Release|x86
		{F0349047-669A-4C15-A94A-35668888408B}.Ad-Hoc|x64.ActiveCfg = Release|x64
		{F0349047-669A-4C15-A94A-35668888408B}.Ad-Hoc|x64.Build.0 = Release|x64
		{F0349047-669A-4C15-A94A-35668888408B}.Ad-Hoc|x64.Deploy.0 = Release|x64
		{F0349047-669A-4C15-A94A-35668888408B}.Ad-Hoc|x86.ActiveCfg = Release|x86
		{F0349047-669A-4C15-A94A-35668888408B}.Ad-Hoc|x86.Build.0 = Release|x86
		{F0349047-669A-4C15-A94A-35668888408B}.Ad-Hoc|x86.Deploy.0 = Release|x86
		{F0349047-669A-4C15-A94A-35668888408B}.AppStore|Any CPU.ActiveCfg = Release|x86
		{F0349047-669A-4C15-A94A-35668888408B}.AppStore|Any CPU.Build.0 = Release|x86
		{F0349047-669A-4C15-A94A-35668888408B}.AppStore|Any CPU.Deploy.0 = Release|x86
		{F0349047-669A-4C15-A94A-35668888408B}.AppStore|ARM.ActiveCfg = Release|ARM
		{F0349047-669A-4C15-A94A-35668888408B}.AppStore|ARM.Build.0 = Release|ARM
		{F0349047-669A-4C15-A94A-35668888408B}.AppStore|ARM.Deploy.0 = Release|ARM
		{F0349047-669A-4C15-A94A-35668888408B}.AppStore|iPhone.ActiveCfg = Release|x86
		{F0349047-669A-4C15-A94A-35668888408B}.AppStore|iPhone.Build.0 = Release|x86
		{F0349047-669A-4C15-A94A-35668888408B}.AppStore|iPhone.Deploy.0 = Release|x86
		{F0349047-669A-4C15-A94A-35668888408B}.AppStore|iPhoneSimulator.ActiveCfg = Release|x86
		{F0349047-669A-4C15-A94A-35668888408B}.AppStore|iPhoneSimulator.Build.0 = Release|x86
		{F0349047-669A-4C15-A94A-35668888408B}.AppStore|iPhoneSimulator.Deploy.0 = Release|x86
		{F0349047-669A-4C15-A94A-35668888408B}.AppStore|x64.ActiveCfg = Release|x64
		{F0349047-669A-4C15-A94A-35668888408B}.AppStore|x64.Build.0 = Release|x64
		{F0349047-669A-4C15-A94A-35668888408B}.AppStore|x64.Deploy.0 = Release|x64
		{F0349047-669A-4C15-A94A-35668888408B}.AppStore|x86.ActiveCfg = Release|x86
		{F0349047-669A-4C15-A94A-35668888408B}.AppStore|x86.Build.0 = Release|x86
		{F0349047-669A-4C15-A94A-35668888408B}.AppStore|x86.Deploy.0 = Release|x86
		{F0349047-669A-4C15-A94A-35668888408B}.Debug|Any CPU.ActiveCfg = Debug|x86
		{F0349047-669A-4C15-A94A-35668888408B}.Debug|ARM.ActiveCfg = Debug|ARM
		{F0349047-669A-4C15-A94A-35668888408B}.Debug|ARM.Build.0 = Debug|ARM
		{F0349047-669A-4C15-A94A-35668888408B}.Debug|ARM.Deploy.0 = Debug|ARM
		{F0349047-669A-4C15-A94A-35668888408B}.Debug|iPhone.ActiveCfg = Debug|x86
		{F0349047-669A-4C15-A94A-35668888408B}.Debug|iPhoneSimulator.ActiveCfg = Debug|x86
		{F0349047-669A-4C15-A94A-35668888408B}.Debug|x64.ActiveCfg = Debug|x64
		{F0349047-669A-4C15-A94A-35668888408B}.Debug|x64.Build.0 = Debug|x64
		{F0349047-669A-4C15-A94A-35668888408B}.Debug|x64.Deploy.0 = Debug|x64
		{F0349047-669A-4C15-A94A-35668888408B}.Debug|x86.ActiveCfg = Debug|x86
		{F0349047-669A-4C15-A94A-35668888408B}.Debug|x86.Build.0 = Debug|x86
		{F0349047-669A-4C15-A94A-35668888408B}.Debug|x86.Deploy.0 = Debug|x86
		{F0349047-669A-4C15-A94A-35668888408B}.Release|Any CPU.ActiveCfg = Release|x86
		{F0349047-669A-4C15-A94A-35668888408B}.Release|ARM.ActiveCfg = Release|ARM
		{F0349047-669A-4C15-A94A-35668888408B}.Release|ARM.Build.0 = Release|ARM
		{F0349047-669A-4C15-A94A-35668888408B}.Release|ARM.Deploy.0 = Release|ARM
		{F0349047-669A-4C15-A94A-35668888408B}.Release|iPhone.ActiveCfg = Release|x86
		{F0349047-669A-4C15-A94A-35668888408B}.Release|iPhoneSimulator.ActiveCfg = Release|x86
		{F0349047-669A-4C15-A94A-35668888408B}.Release|x64.ActiveCfg = Release|x64
		{F0349047-669A-4C15-A94A-35668888408B}.Release|x64.Build.0 = Release|x64
		{F0349047-669A-4C15-A94A-35668888408B}.Release|x64.Deploy.0 = Release|x64
		{F0349047-669A-4C15-A94A-35668888408B}.Release|x86.ActiveCfg = Release|x86
		{F0349047-669A-4C15-A94A-35668888408B}.Release|x86.Build.0 = Release|x86
		{F0349047-669A-4C15-A94A-35668888408B}.Release|x86.Deploy.0 = Release|x86
		{8A4AF491-578F-4B43-BEFE-36BC902AD58C}.Ad-Hoc|Any CPU.ActiveCfg = Ad-Hoc|iPhone
		{8A4AF491-578F-4B43-BEFE-36BC902AD58C}.Ad-Hoc|ARM.ActiveCfg = Ad-Hoc|iPhone
		{8A4AF491-578F-4B43-BEFE-36BC902AD58C}.Ad-Hoc|iPhone.ActiveCfg = Ad-Hoc|iPhone
		{8A4AF491-578F-4B43-BEFE-36BC902AD58C}.Ad-Hoc|iPhone.Build.0 = Ad-Hoc|iPhone
		{8A4AF491-578F-4B43-BEFE-36BC902AD58C}.Ad-Hoc|iPhoneSimulator.ActiveCfg = Ad-Hoc|iPhoneSimulator
		{8A4AF491-578F-4B43-BEFE-36BC902AD58C}.Ad-Hoc|iPhoneSimulator.Build.0 = Ad-Hoc|iPhoneSimulator
		{8A4AF491-578F-4B43-BEFE-36BC902AD58C}.Ad-Hoc|x64.ActiveCfg = Ad-Hoc|iPhone
		{8A4AF491-578F-4B43-BEFE-36BC902AD58C}.Ad-Hoc|x86.ActiveCfg = Ad-Hoc|iPhone
		{8A4AF491-578F-4B43-BEFE-36BC902AD58C}.AppStore|Any CPU.ActiveCfg = AppStore|iPhone
		{8A4AF491-578F-4B43-BEFE-36BC902AD58C}.AppStore|ARM.ActiveCfg = AppStore|iPhone
		{8A4AF491-578F-4B43-BEFE-36BC902AD58C}.AppStore|iPhone.ActiveCfg = AppStore|iPhone
		{8A4AF491-578F-4B43-BEFE-36BC902AD58C}.AppStore|iPhone.Build.0 = AppStore|iPhone
		{8A4AF491-578F-4B43-BEFE-36BC902AD58C}.AppStore|iPhoneSimulator.ActiveCfg = AppStore|iPhoneSimulator
		{8A4AF491-578F-4B43-BEFE-36BC902AD58C}.AppStore|iPhoneSimulator.Build.0 = AppStore|iPhoneSimulator
		{8A4AF491-578F-4B43-BEFE-36BC902AD58C}.AppStore|x64.ActiveCfg = AppStore|iPhone
		{8A4AF491-578F-4B43-BEFE-36BC902AD58C}.AppStore|x86.ActiveCfg = AppStore|iPhone
		{8A4AF491-578F-4B43-BEFE-36BC902AD58C}.Debug|Any CPU.ActiveCfg = Debug|iPhone
		{8A4AF491-578F-4B43-BEFE-36BC902AD58C}.Debug|ARM.ActiveCfg = Debug|iPhone
		{8A4AF491-578F-4B43-BEFE-36BC902AD58C}.Debug|iPhone.ActiveCfg = Debug|iPhone
		{8A4AF491-578F-4B43-BEFE-36BC902AD58C}.Debug|iPhone.Build.0 = Debug|iPhone
		{8A4AF491-578F-4B43-BEFE-36BC902AD58C}.Debug|iPhoneSimulator.ActiveCfg = Debug|iPhoneSimulator
		{8A4AF491-578F-4B43-BEFE-36BC902AD58C}.Debug|iPhoneSimulator.Build.0 = Debug|iPhoneSimulator
		{8A4AF491-578F-4B43-BEFE-36BC902AD58C}.Debug|x64.ActiveCfg = Debug|iPhone
		{8A4AF491-578F-4B43-BEFE-36BC902AD58C}.Debug|x86.ActiveCfg = Debug|iPhone
		{8A4AF491-578F-4B43-BEFE-36BC902AD58C}.Release|Any CPU.ActiveCfg = Release|iPhone
		{8A4AF491-578F-4B43-BEFE-36BC902AD58C}.Release|ARM.ActiveCfg = Release|iPhone
		{8A4AF491-578F-4B43-BEFE-36BC902AD58C}.Release|iPhone.ActiveCfg = Release|iPhone
		{8A4AF491-578F-4B43-BEFE-36BC902AD58C}.Release|iPhone.Build.0 = Release|iPhone
		{8A4AF491-578F-4B43-BEFE-36BC902AD58C}.Release|iPhoneSimulator.ActiveCfg = Release|iPhoneSimulator
		{8A4AF491-578F-4B43-BEFE-36BC902AD58C}.Release|iPhoneSimulator.Build.0 = Release|iPhoneSimulator
		{8A4AF491-578F-4B43-BEFE-36BC902AD58C}.Release|x64.ActiveCfg = Release|iPhone
		{8A4AF491-578F-4B43-BEFE-36BC902AD58C}.Release|x86.ActiveCfg = Release|iPhone
	EndGlobalSection
	GlobalSection(SolutionProperties) = preSolution
		HideSolutionNode = FALSE
	EndGlobalSection
EndGlobal
